
Microsoft Visual Studio Solution File, Format Version 12.00
# Visual Studio Version 17
VisualStudioVersion = 17.3.32929.385
MinimumVisualStudioVersion = 10.0.40219.1
Project("{9A19103F-16F7-4668-BE54-9A1E7A4F7556}") = "CommandLineParser", "CommandLineParser\CommandLineParser.csproj", "{C7212CAC-510B-4C87-B50A-9A13644912A7}"
EndProject
Project("{2150E333-8FDC-42A3-9474-1A3956D46DE8}") = ".github", ".github", "{13AD4ECA-5D19-4119-8A71-D857F93939C8}"
EndProject
Project("{2150E333-8FDC-42A3-9474-1A3956D46DE8}") = "workflows", "workflows", "{7EAB8710-2FDC-4D09-962B-BE55B6C25B95}"
EndProject
Global
	GlobalSection(SolutionConfigurationPlatforms) = preSolution
		Debug|Any CPU = Debug|Any CPU
		Release|Any CPU = Release|Any CPU
	EndGlobalSection
	GlobalSection(ProjectConfigurationPlatforms) = postSolution
		{C7212CAC-510B-4C87-B50A-9A13644912A7}.Debug|Any CPU.ActiveCfg = Debug|Any CPU
		{C7212CAC-510B-4C87-B50A-9A13644912A7}.Debug|Any CPU.Build.0 = Debug|Any CPU
		{C7212CAC-510B-4C87-B50A-9A13644912A7}.Release|Any CPU.ActiveCfg = Release|Any CPU
		{C7212CAC-510B-4C87-B50A-9A13644912A7}.Release|Any CPU.Build.0 = Release|Any CPU
	EndGlobalSection
	GlobalSection(SolutionProperties) = preSolution
		HideSolutionNode = FALSE
	EndGlobalSection
	GlobalSection(NestedProjects) = preSolution
		{7EAB8710-2FDC-4D09-962B-BE55B6C25B95} = {13AD4ECA-5D19-4119-8A71-D857F93939C8}
	EndGlobalSection
	GlobalSection(ExtensibilityGlobals) = postSolution
		SolutionGuid = {B4DA7855-0C43-4E7A-8144-DD703C132CD5}
	EndGlobalSection
EndGlobal
